
Microsoft Visual Studio Solution File, Format Version 12.00
# Visual Studio Version 17
VisualStudioVersion = 17.4.33213.308
MinimumVisualStudioVersion = 10.0.40219.1
Project("{FAE04EC0-301F-11D3-BF4B-00C04F79EFBC}") = "SokszogOOP", "SokszogOOP\SokszogOOP.csproj", "{7F52F087-C8D7-4875-A316-4A93376D729D}"
EndProject
Global
	GlobalSection(SolutionConfigurationPlatforms) = preSolution
		Debug|Any CPU = Debug|Any CPU
		Release|Any CPU = Release|Any CPU
	EndGlobalSection
	GlobalSection(ProjectConfigurationPlatforms) = postSolution
		{7F52F087-C8D7-4875-A316-4A93376D729D}.Debug|Any CPU.ActiveCfg = Debug|Any CPU
		{7F52F087-C8D7-4875-A316-4A93376D729D}.Debug|Any CPU.Build.0 = Debug|Any CPU
		{7F52F087-C8D7-4875-A316-4A93376D729D}.Release|Any CPU.ActiveCfg = Release|Any CPU
		{7F52F087-C8D7-4875-A316-4A93376D729D}.Release|Any CPU.Build.0 = Release|Any CPU
	EndGlobalSection
	GlobalSection(SolutionProperties) = preSolution
		HideSolutionNode = FALSE
	EndGlobalSection
	GlobalSection(ExtensibilityGlobals) = postSolution
		SolutionGuid = {C2395C62-1B1A-47C9-B14D-E07D8BF6FCAF}
	EndGlobalSection
EndGlobal
